{
  "originHash" : "2d3b56bad9755f25380de840f223c3350105483f56568318b0be024534743bb0",
  "pins" : [
    {
      "identity" : "swift-pokemon-types",
      "kind" : "remoteSourceControl",
      "location" : "https://github.com/elmetal/swift-pokemon-types",
      "state" : {
        "revision" : "932b1411d7bd256e01f3f1508330502db4fec0d3",
        "version" : "0.0.2"
      }
    }
  ],
  "version" : 3
}
